
Microsoft Visual Studio Solution File, Format Version 12.00
# Visual Studio 15
VisualStudioVersion = 15.0.28010.2048
MinimumVisualStudioVersion = 10.0.40219.1
Project("{FAE04EC0-301F-11D3-BF4B-00C04F79EFBC}") = "StockCenteral", "StockCenteral\StockCenteral.csproj", "{199DA7E8-E5F4-426D-A6A7-0BB72B783E74}"
EndProject
Project("{FAE04EC0-301F-11D3-BF4B-00C04F79EFBC}") = "GatherCounter", "GatherCounter\GatherCounter.csproj", "{1C1FB63F-837B-4CFE-97D2-EB9AF25C8CE5}"
EndProject
Project("{FAE04EC0-301F-11D3-BF4B-00C04F79EFBC}") = "Model", "Model\Model.csproj", "{0151F1EF-D755-40C4-A9AA-9B74A3A50C39}"
EndProject
Project("{FAE04EC0-301F-11D3-BF4B-00C04F79EFBC}") = "Service", "Service\Service.csproj", "{6F2AC81B-170C-400E-8EAE-C8ED366310BA}"
EndProject
Project("{FAE04EC0-301F-11D3-BF4B-00C04F79EFBC}") = "ClassLibraryStock", "ClassLibraryStock\ClassLibraryStock.csproj", "{85C65300-A026-4A6C-96F5-A69E0B36B3ED}"
EndProject
Project("{00D1A9C2-B5F0-4AF3-8072-F6C62B433612}") = "BochenLinTestDB", "BochenLinTestDB\BochenLinTestDB.sqlproj", "{D981998B-A548-4ED4-BE8E-1F59A6119D53}"
EndProject
Project("{FAE04EC0-301F-11D3-BF4B-00C04F79EFBC}") = "Repository", "Repository\Repository.csproj", "{CE646C88-0C57-45AE-8160-D6088DD713E2}"
EndProject
Project("{FAE04EC0-301F-11D3-BF4B-00C04F79EFBC}") = "Common", "Common\Common.csproj", "{EAE64B31-96C2-4181-8E8F-4EF326949BAF}"
EndProject
Project("{FAE04EC0-301F-11D3-BF4B-00C04F79EFBC}") = "ServiceTests", "ServiceTests\ServiceTests.csproj", "{EE268403-2D92-4D72-9495-90FD434AA982}"
EndProject
Global
	GlobalSection(SolutionConfigurationPlatforms) = preSolution
		Debug|Any CPU = Debug|Any CPU
		Debug|ARM = Debug|ARM
		Debug|x64 = Debug|x64
		Debug|x86 = Debug|x86
		Release|Any CPU = Release|Any CPU
		Release|ARM = Release|ARM
		Release|x64 = Release|x64
		Release|x86 = Release|x86
	EndGlobalSection
	GlobalSection(ProjectConfigurationPlatforms) = postSolution
		{199DA7E8-E5F4-426D-A6A7-0BB72B783E74}.Debug|Any CPU.ActiveCfg = Debug|Any CPU
		{199DA7E8-E5F4-426D-A6A7-0BB72B783E74}.Debug|Any CPU.Build.0 = Debug|Any CPU
		{199DA7E8-E5F4-426D-A6A7-0BB72B783E74}.Debug|ARM.ActiveCfg = Debug|Any CPU
		{199DA7E8-E5F4-426D-A6A7-0BB72B783E74}.Debug|ARM.Build.0 = Debug|Any CPU
		{199DA7E8-E5F4-426D-A6A7-0BB72B783E74}.Debug|x64.ActiveCfg = Debug|Any CPU
		{199DA7E8-E5F4-426D-A6A7-0BB72B783E74}.Debug|x64.Build.0 = Debug|Any CPU
		{199DA7E8-E5F4-426D-A6A7-0BB72B783E74}.Debug|x86.ActiveCfg = Debug|Any CPU
		{199DA7E8-E5F4-426D-A6A7-0BB72B783E74}.Debug|x86.Build.0 = Debug|Any CPU
		{199DA7E8-E5F4-426D-A6A7-0BB72B783E74}.Release|Any CPU.ActiveCfg = Release|Any CPU
		{199DA7E8-E5F4-426D-A6A7-0BB72B783E74}.Release|Any CPU.Build.0 = Release|Any CPU
		{199DA7E8-E5F4-426D-A6A7-0BB72B783E74}.Release|ARM.ActiveCfg = Release|Any CPU
		{199DA7E8-E5F4-426D-A6A7-0BB72B783E74}.Release|ARM.Build.0 = Release|Any CPU
		{199DA7E8-E5F4-426D-A6A7-0BB72B783E74}.Release|x64.ActiveCfg = Release|Any CPU
		{199DA7E8-E5F4-426D-A6A7-0BB72B783E74}.Release|x64.Build.0 = Release|Any CPU
		{199DA7E8-E5F4-426D-A6A7-0BB72B783E74}.Release|x86.ActiveCfg = Release|Any CPU
		{199DA7E8-E5F4-426D-A6A7-0BB72B783E74}.Release|x86.Build.0 = Release|Any CPU
		{1C1FB63F-837B-4CFE-97D2-EB9AF25C8CE5}.Debug|Any CPU.ActiveCfg = Debug|Any CPU
		{1C1FB63F-837B-4CFE-97D2-EB9AF25C8CE5}.Debug|Any CPU.Build.0 = Debug|Any CPU
		{1C1FB63F-837B-4CFE-97D2-EB9AF25C8CE5}.Debug|ARM.ActiveCfg = Debug|Any CPU
		{1C1FB63F-837B-4CFE-97D2-EB9AF25C8CE5}.Debug|ARM.Build.0 = Debug|Any CPU
		{1C1FB63F-837B-4CFE-97D2-EB9AF25C8CE5}.Debug|x64.ActiveCfg = Debug|Any CPU
		{1C1FB63F-837B-4CFE-97D2-EB9AF25C8CE5}.Debug|x64.Build.0 = Debug|Any CPU
		{1C1FB63F-837B-4CFE-97D2-EB9AF25C8CE5}.Debug|x86.ActiveCfg = Debug|Any CPU
		{1C1FB63F-837B-4CFE-97D2-EB9AF25C8CE5}.Debug|x86.Build.0 = Debug|Any CPU
		{1C1FB63F-837B-4CFE-97D2-EB9AF25C8CE5}.Release|Any CPU.ActiveCfg = Release|Any CPU
		{1C1FB63F-837B-4CFE-97D2-EB9AF25C8CE5}.Release|Any CPU.Build.0 = Release|Any CPU
		{1C1FB63F-837B-4CFE-97D2-EB9AF25C8CE5}.Release|ARM.ActiveCfg = Release|Any CPU
		{1C1FB63F-837B-4CFE-97D2-EB9AF25C8CE5}.Release|ARM.Build.0 = Release|Any CPU
		{1C1FB63F-837B-4CFE-97D2-EB9AF25C8CE5}.Release|x64.ActiveCfg = Release|Any CPU
		{1C1FB63F-837B-4CFE-97D2-EB9AF25C8CE5}.Release|x64.Build.0 = Release|Any CPU
		{1C1FB63F-837B-4CFE-97D2-EB9AF25C8CE5}.Release|x86.ActiveCfg = Release|Any CPU
		{1C1FB63F-837B-4CFE-97D2-EB9AF25C8CE5}.Release|x86.Build.0 = Release|Any CPU
		{0151F1EF-D755-40C4-A9AA-9B74A3A50C39}.Debug|Any CPU.ActiveCfg = Debug|Any CPU
		{0151F1EF-D755-40C4-A9AA-9B74A3A50C39}.Debug|Any CPU.Build.0 = Debug|Any CPU
		{0151F1EF-D755-40C4-A9AA-9B74A3A50C39}.Debug|ARM.ActiveCfg = Debug|Any CPU
		{0151F1EF-D755-40C4-A9AA-9B74A3A50C39}.Debug|ARM.Build.0 = Debug|Any CPU
		{0151F1EF-D755-40C4-A9AA-9B74A3A50C39}.Debug|x64.ActiveCfg = Debug|Any CPU
		{0151F1EF-D755-40C4-A9AA-9B74A3A50C39}.Debug|x64.Build.0 = Debug|Any CPU
		{0151F1EF-D755-40C4-A9AA-9B74A3A50C39}.Debug|x86.ActiveCfg = Debug|Any CPU
		{0151F1EF-D755-40C4-A9AA-9B74A3A50C39}.Debug|x86.Build.0 = Debug|Any CPU
		{0151F1EF-D755-40C4-A9AA-9B74A3A50C39}.Release|Any CPU.ActiveCfg = Release|Any CPU
		{0151F1EF-D755-40C4-A9AA-9B74A3A50C39}.Release|Any CPU.Build.0 = Release|Any CPU
		{0151F1EF-D755-40C4-A9AA-9B74A3A50C39}.Release|ARM.ActiveCfg = Release|Any CPU
		{0151F1EF-D755-40C4-A9AA-9B74A3A50C39}.Release|ARM.Build.0 = Release|Any CPU
		{0151F1EF-D755-40C4-A9AA-9B74A3A50C39}.Release|x64.ActiveCfg = Release|Any CPU
		{0151F1EF-D755-40C4-A9AA-9B74A3A50C39}.Release|x64.Build.0 = Release|Any CPU
		{0151F1EF-D755-40C4-A9AA-9B74A3A50C39}.Release|x86.ActiveCfg = Release|Any CPU
		{0151F1EF-D755-40C4-A9AA-9B74A3A50C39}.Release|x86.Build.0 = Release|Any CPU
		{6F2AC81B-170C-400E-8EAE-C8ED366310BA}.Debug|Any CPU.ActiveCfg = Debug|Any CPU
		{6F2AC81B-170C-400E-8EAE-C8ED366310BA}.Debug|Any CPU.Build.0 = Debug|Any CPU
		{6F2AC81B-170C-400E-8EAE-C8ED366310BA}.Debug|ARM.ActiveCfg = Debug|Any CPU
		{6F2AC81B-170C-400E-8EAE-C8ED366310BA}.Debug|ARM.Build.0 = Debug|Any CPU
		{6F2AC81B-170C-400E-8EAE-C8ED366310BA}.Debug|x64.ActiveCfg = Debug|Any CPU
		{6F2AC81B-170C-400E-8EAE-C8ED366310BA}.Debug|x64.Build.0 = Debug|Any CPU
		{6F2AC81B-170C-400E-8EAE-C8ED366310BA}.Debug|x86.ActiveCfg = Debug|Any CPU
		{6F2AC81B-170C-400E-8EAE-C8ED366310BA}.Debug|x86.Build.0 = Debug|Any CPU
		{6F2AC81B-170C-400E-8EAE-C8ED366310BA}.Release|Any CPU.ActiveCfg = Release|Any CPU
		{6F2AC81B-170C-400E-8EAE-C8ED366310BA}.Release|Any CPU.Build.0 = Release|Any CPU
		{6F2AC81B-170C-400E-8EAE-C8ED366310BA}.Release|ARM.ActiveCfg = Release|Any CPU
		{6F2AC81B-170C-400E-8EAE-C8ED366310BA}.Release|ARM.Build.0 = Release|Any CPU
		{6F2AC81B-170C-400E-8EAE-C8ED366310BA}.Release|x64.ActiveCfg = Release|Any CPU
		{6F2AC81B-170C-400E-8EAE-C8ED366310BA}.Release|x64.Build.0 = Release|Any CPU
		{6F2AC81B-170C-400E-8EAE-C8ED366310BA}.Release|x86.ActiveCfg = Release|Any CPU
		{6F2AC81B-170C-400E-8EAE-C8ED366310BA}.Release|x86.Build.0 = Release|Any CPU
		{85C65300-A026-4A6C-96F5-A69E0B36B3ED}.Debug|Any CPU.ActiveCfg = Debug|Any CPU
		{85C65300-A026-4A6C-96F5-A69E0B36B3ED}.Debug|Any CPU.Build.0 = Debug|Any CPU
		{85C65300-A026-4A6C-96F5-A69E0B36B3ED}.Debug|ARM.ActiveCfg = Debug|Any CPU
		{85C65300-A026-4A6C-96F5-A69E0B36B3ED}.Debug|ARM.Build.0 = Debug|Any CPU
		{85C65300-A026-4A6C-96F5-A69E0B36B3ED}.Debug|x64.ActiveCfg = Debug|Any CPU
		{85C65300-A026-4A6C-96F5-A69E0B36B3ED}.Debug|x64.Build.0 = Debug|Any CPU
		{85C65300-A026-4A6C-96F5-A69E0B36B3ED}.Debug|x86.ActiveCfg = Debug|Any CPU
		{85C65300-A026-4A6C-96F5-A69E0B36B3ED}.Debug|x86.Build.0 = Debug|Any CPU
		{85C65300-A026-4A6C-96F5-A69E0B36B3ED}.Release|Any CPU.ActiveCfg = Release|Any CPU
		{85C65300-A026-4A6C-96F5-A69E0B36B3ED}.Release|Any CPU.Build.0 = Release|Any CPU
		{85C65300-A026-4A6C-96F5-A69E0B36B3ED}.Release|ARM.ActiveCfg = Release|Any CPU
		{85C65300-A026-4A6C-96F5-A69E0B36B3ED}.Release|ARM.Build.0 = Release|Any CPU
		{85C65300-A026-4A6C-96F5-A69E0B36B3ED}.Release|x64.ActiveCfg = Release|Any CPU
		{85C65300-A026-4A6C-96F5-A69E0B36B3ED}.Release|x64.Build.0 = Release|Any CPU
		{85C65300-A026-4A6C-96F5-A69E0B36B3ED}.Release|x86.ActiveCfg = Release|Any CPU
		{85C65300-A026-4A6C-96F5-A69E0B36B3ED}.Release|x86.Build.0 = Release|Any CPU
		{D981998B-A548-4ED4-BE8E-1F59A6119D53}.Debug|Any CPU.ActiveCfg = Debug|Any CPU
		{D981998B-A548-4ED4-BE8E-1F59A6119D53}.Debug|Any CPU.Build.0 = Debug|Any CPU
		{D981998B-A548-4ED4-BE8E-1F59A6119D53}.Debug|Any CPU.Deploy.0 = Debug|Any CPU
		{D981998B-A548-4ED4-BE8E-1F59A6119D53}.Debug|ARM.ActiveCfg = Debug|Any CPU
		{D981998B-A548-4ED4-BE8E-1F59A6119D53}.Debug|ARM.Build.0 = Debug|Any CPU
		{D981998B-A548-4ED4-BE8E-1F59A6119D53}.Debug|ARM.Deploy.0 = Debug|Any CPU
		{D981998B-A548-4ED4-BE8E-1F59A6119D53}.Debug|x64.ActiveCfg = Debug|Any CPU
		{D981998B-A548-4ED4-BE8E-1F59A6119D53}.Debug|x64.Build.0 = Debug|Any CPU
		{D981998B-A548-4ED4-BE8E-1F59A6119D53}.Debug|x64.Deploy.0 = Debug|Any CPU
		{D981998B-A548-4ED4-BE8E-1F59A6119D53}.Debug|x86.ActiveCfg = Debug|Any CPU
		{D981998B-A548-4ED4-BE8E-1F59A6119D53}.Debug|x86.Build.0 = Debug|Any CPU
		{D981998B-A548-4ED4-BE8E-1F59A6119D53}.Debug|x86.Deploy.0 = Debug|Any CPU
		{D981998B-A548-4ED4-BE8E-1F59A6119D53}.Release|Any CPU.ActiveCfg = Release|Any CPU
		{D981998B-A548-4ED4-BE8E-1F59A6119D53}.Release|Any CPU.Build.0 = Release|Any CPU
		{D981998B-A548-4ED4-BE8E-1F59A6119D53}.Release|Any CPU.Deploy.0 = Release|Any CPU
		{D981998B-A548-4ED4-BE8E-1F59A6119D53}.Release|ARM.ActiveCfg = Release|Any CPU
		{D981998B-A548-4ED4-BE8E-1F59A6119D53}.Release|ARM.Build.0 = Release|Any CPU
		{D981998B-A548-4ED4-BE8E-1F59A6119D53}.Release|ARM.Deploy.0 = Release|Any CPU
		{D981998B-A548-4ED4-BE8E-1F59A6119D53}.Release|x64.ActiveCfg = Release|Any CPU
		{D981998B-A548-4ED4-BE8E-1F59A6119D53}.Release|x64.Build.0 = Release|Any CPU
		{D981998B-A548-4ED4-BE8E-1F59A6119D53}.Release|x64.Deploy.0 = Release|Any CPU
		{D981998B-A548-4ED4-BE8E-1F59A6119D53}.Release|x86.ActiveCfg = Release|Any CPU
		{D981998B-A548-4ED4-BE8E-1F59A6119D53}.Release|x86.Build.0 = Release|Any CPU
		{D981998B-A548-4ED4-BE8E-1F59A6119D53}.Release|x86.Deploy.0 = Release|Any CPU
		{CE646C88-0C57-45AE-8160-D6088DD713E2}.Debug|Any CPU.ActiveCfg = Debug|Any CPU
		{CE646C88-0C57-45AE-8160-D6088DD713E2}.Debug|Any CPU.Build.0 = Debug|Any CPU
		{CE646C88-0C57-45AE-8160-D6088DD713E2}.Debug|ARM.ActiveCfg = Debug|Any CPU
		{CE646C88-0C57-45AE-8160-D6088DD713E2}.Debug|ARM.Build.0 = Debug|Any CPU
		{CE646C88-0C57-45AE-8160-D6088DD713E2}.Debug|x64.ActiveCfg = Debug|Any CPU
		{CE646C88-0C57-45AE-8160-D6088DD713E2}.Debug|x64.Build.0 = Debug|Any CPU
		{CE646C88-0C57-45AE-8160-D6088DD713E2}.Debug|x86.ActiveCfg = Debug|Any CPU
		{CE646C88-0C57-45AE-8160-D6088DD713E2}.Debug|x86.Build.0 = Debug|Any CPU
		{CE646C88-0C57-45AE-8160-D6088DD713E2}.Release|Any CPU.ActiveCfg = Release|Any CPU
		{CE646C88-0C57-45AE-8160-D6088DD713E2}.Release|Any CPU.Build.0 = Release|Any CPU
		{CE646C88-0C57-45AE-8160-D6088DD713E2}.Release|ARM.ActiveCfg = Release|Any CPU
		{CE646C88-0C57-45AE-8160-D6088DD713E2}.Release|ARM.Build.0 = Release|Any CPU
		{CE646C88-0C57-45AE-8160-D6088DD713E2}.Release|x64.ActiveCfg = Release|Any CPU
		{CE646C88-0C57-45AE-8160-D6088DD713E2}.Release|x64.Build.0 = Release|Any CPU
		{CE646C88-0C57-45AE-8160-D6088DD713E2}.Release|x86.ActiveCfg = Release|Any CPU
		{CE646C88-0C57-45AE-8160-D6088DD713E2}.Release|x86.Build.0 = Release|Any CPU
		{EAE64B31-96C2-4181-8E8F-4EF326949BAF}.Debug|Any CPU.ActiveCfg = Debug|Any CPU
		{EAE64B31-96C2-4181-8E8F-4EF326949BAF}.Debug|Any CPU.Build.0 = Debug|Any CPU
		{EAE64B31-96C2-4181-8E8F-4EF326949BAF}.Debug|ARM.ActiveCfg = Debug|Any CPU
		{EAE64B31-96C2-4181-8E8F-4EF326949BAF}.Debug|ARM.Build.0 = Debug|Any CPU
		{EAE64B31-96C2-4181-8E8F-4EF326949BAF}.Debug|x64.ActiveCfg = Debug|Any CPU
		{EAE64B31-96C2-4181-8E8F-4EF326949BAF}.Debug|x64.Build.0 = Debug|Any CPU
		{EAE64B31-96C2-4181-8E8F-4EF326949BAF}.Debug|x86.ActiveCfg = Debug|Any CPU
		{EAE64B31-96C2-4181-8E8F-4EF326949BAF}.Debug|x86.Build.0 = Debug|Any CPU
		{EAE64B31-96C2-4181-8E8F-4EF326949BAF}.Release|Any CPU.ActiveCfg = Release|Any CPU
		{EAE64B31-96C2-4181-8E8F-4EF326949BAF}.Release|Any CPU.Build.0 = Release|Any CPU
		{EAE64B31-96C2-4181-8E8F-4EF326949BAF}.Release|ARM.ActiveCfg = Release|Any CPU
		{EAE64B31-96C2-4181-8E8F-4EF326949BAF}.Release|ARM.Build.0 = Release|Any CPU
		{EAE64B31-96C2-4181-8E8F-4EF326949BAF}.Release|x64.ActiveCfg = Release|Any CPU
		{EAE64B31-96C2-4181-8E8F-4EF326949BAF}.Release|x64.Build.0 = Release|Any CPU
		{EAE64B31-96C2-4181-8E8F-4EF326949BAF}.Release|x86.ActiveCfg = Release|Any CPU
		{EAE64B31-96C2-4181-8E8F-4EF326949BAF}.Release|x86.Build.0 = Release|Any CPU
		{EE268403-2D92-4D72-9495-90FD434AA982}.Debug|Any CPU.ActiveCfg = Debug|Any CPU
		{EE268403-2D92-4D72-9495-90FD434AA982}.Debug|Any CPU.Build.0 = Debug|Any CPU
		{EE268403-2D92-4D72-9495-90FD434AA982}.Debug|ARM.ActiveCfg = Debug|Any CPU
		{EE268403-2D92-4D72-9495-90FD434AA982}.Debug|ARM.Build.0 = Debug|Any CPU
		{EE268403-2D92-4D72-9495-90FD434AA982}.Debug|x64.ActiveCfg = Debug|Any CPU
		{EE268403-2D92-4D72-9495-90FD434AA982}.Debug|x64.Build.0 = Debug|Any CPU
		{EE268403-2D92-4D72-9495-90FD434AA982}.Debug|x86.ActiveCfg = Debug|Any CPU
		{EE268403-2D92-4D72-9495-90FD434AA982}.Debug|x86.Build.0 = Debug|Any CPU
		{EE268403-2D92-4D72-9495-90FD434AA982}.Release|Any CPU.ActiveCfg = Release|Any CPU
		{EE268403-2D92-4D72-9495-90FD434AA982}.Release|Any CPU.Build.0 = Release|Any CPU
		{EE268403-2D92-4D72-9495-90FD434AA982}.Release|ARM.ActiveCfg = Release|Any CPU
		{EE268403-2D92-4D72-9495-90FD434AA982}.Release|ARM.Build.0 = Release|Any CPU
		{EE268403-2D92-4D72-9495-90FD434AA982}.Release|x64.ActiveCfg = Release|Any CPU
		{EE268403-2D92-4D72-9495-90FD434AA982}.Release|x64.Build.0 = Release|Any CPU
		{EE268403-2D92-4D72-9495-90FD434AA982}.Release|x86.ActiveCfg = Release|Any CPU
		{EE268403-2D92-4D72-9495-90FD434AA982}.Release|x86.Build.0 = Release|Any CPU
	EndGlobalSection
	GlobalSection(SolutionProperties) = preSolution
		HideSolutionNode = FALSE
	EndGlobalSection
	GlobalSection(ExtensibilityGlobals) = postSolution
		SolutionGuid = {87899296-D5C7-4433-ADD9-FD891DDC4358}
	EndGlobalSection
EndGlobal
